
Microsoft Visual Studio Solution File, Format Version 12.00
# Visual Studio 15
VisualStudioVersion = 15.0.27703.2047
MinimumVisualStudioVersion = 10.0.40219.1
Project("{FAE04EC0-301F-11D3-BF4B-00C04F79EFBC}") = "StructuredTextKcDeliverySample", "StructuredTextKcDeliverySample\StructuredTextKcDeliverySample.csproj", "{40A62F8F-F2A7-4649-B89C-9BACD85B5896}"
EndProject
Global
	GlobalSection(SolutionConfigurationPlatforms) = preSolution
		Debug|Any CPU = Debug|Any CPU
		Release|Any CPU = Release|Any CPU
	EndGlobalSection
	GlobalSection(ProjectConfigurationPlatforms) = postSolution
		{40A62F8F-F2A7-4649-B89C-9BACD85B5896}.Debug|Any CPU.ActiveCfg = Debug|Any CPU
		{40A62F8F-F2A7-4649-B89C-9BACD85B5896}.Debug|Any CPU.Build.0 = Debug|Any CPU
		{40A62F8F-F2A7-4649-B89C-9BACD85B5896}.Release|Any CPU.ActiveCfg = Release|Any CPU
		{40A62F8F-F2A7-4649-B89C-9BACD85B5896}.Release|Any CPU.Build.0 = Release|Any CPU
	EndGlobalSection
	GlobalSection(SolutionProperties) = preSolution
		HideSolutionNode = FALSE
	EndGlobalSection
	GlobalSection(ExtensibilityGlobals) = postSolution
		SolutionGuid = {F21011A2-A4E4-40EE-A9AA-20ED64B49F73}
	EndGlobalSection
EndGlobal
